// !$*UTF8*$!
{
	archiveVersion = 1;
	classes = {
	};
	objectVersion = 50;
	objects = {

/* Begin PBXBuildFile section */
		3FF51DBA22BA7B7C0032FB46 /* AppDelegate.swift in Sources */ = {isa = PBXBuildFile; fileRef = 3FF51DB922BA7B7C0032FB46 /* AppDelegate.swift */; };
		3FF51DBC22BA7B7C0032FB46 /* ZombieMapViewController.swift in Sources */ = {isa = PBXBuildFile; fileRef = 3FF51DBB22BA7B7C0032FB46 /* ZombieMapViewController.swift */; };
		3FF51DBF22BA7B7C0032FB46 /* Main.storyboard in Resources */ = {isa = PBXBuildFile; fileRef = 3FF51DBD22BA7B7C0032FB46 /* Main.storyboard */; };
		3FF51DC122BA7B7D0032FB46 /* Assets.xcassets in Resources */ = {isa = PBXBuildFile; fileRef = 3FF51DC022BA7B7D0032FB46 /* Assets.xcassets */; };
		3FF51DC422BA7B7D0032FB46 /* LaunchScreen.storyboard in Resources */ = {isa = PBXBuildFile; fileRef = 3FF51DC222BA7B7D0032FB46 /* LaunchScreen.storyboard */; };
		3FF51DCC22BA80DA0032FB46 /* README.md in Resources */ = {isa = PBXBuildFile; fileRef = 3FF51DCB22BA80DA0032FB46 /* README.md */; };
		3FF51DD022BA84B50032FB46 /* LocationManager.m in Sources */ = {isa = PBXBuildFile; fileRef = 3FF51DCF22BA84B50032FB46 /* LocationManager.m */; };
		3FF51DD522BA92550032FB46 /* CLLocation+Utility.swift in Sources */ = {isa = PBXBuildFile; fileRef = 3FF51DD422BA92550032FB46 /* CLLocation+Utility.swift */; };
		3FF51DD722BA97760032FB46 /* zombie.jpg in Resources */ = {isa = PBXBuildFile; fileRef = 3FF51DD622BA97760032FB46 /* zombie.jpg */; };
		3FF51DD922BA97F40032FB46 /* zombie.png in Resources */ = {isa = PBXBuildFile; fileRef = 3FF51DD822BA97F40032FB46 /* zombie.png */; };
/* End PBXBuildFile section */

/* Begin PBXFileReference section */
		3FF51DB622BA7B7C0032FB46 /* ZombieMapAttack.app */ = {isa = PBXFileReference; explicitFileType = wrapper.application; includeInIndex = 0; path = ZombieMapAttack.app; sourceTree = BUILT_PRODUCTS_DIR; };
		3FF51DB922BA7B7C0032FB46 /* AppDelegate.swift */ = {isa = PBXFileReference; lastKnownFileType = sourcecode.swift; path = AppDelegate.swift; sourceTree = "<group>"; };
		3FF51DBB22BA7B7C0032FB46 /* ZombieMapViewController.swift */ = {isa = PBXFileReference; lastKnownFileType = sourcecode.swift; path = ZombieMapViewController.swift; sourceTree = "<group>"; };
		3FF51DBE22BA7B7C0032FB46 /* Base */ = {isa = PBXFileReference; lastKnownFileType = file.storyboard; name = Base; path = Base.lproj/Main.storyboard; sourceTree = "<group>"; };
		3FF51DC022BA7B7D0032FB46 /* Assets.xcassets */ = {isa = PBXFileReference; lastKnownFileType = folder.assetcatalog; path = Assets.xcassets; sourceTree = "<group>"; };
		3FF51DC322BA7B7D0032FB46 /* Base */ = {isa = PBXFileReference; lastKnownFileType = file.storyboard; name = Base; path = Base.lproj/LaunchScreen.storyboard; sourceTree = "<group>"; };
		3FF51DC522BA7B7D0032FB46 /* Info.plist */ = {isa = PBXFileReference; lastKnownFileType = text.plist.xml; path = Info.plist; sourceTree = "<group>"; };
		3FF51DCB22BA80DA0032FB46 /* README.md */ = {isa = PBXFileReference; lastKnownFileType = net.daringfireball.markdown; path = README.md; sourceTree = "<group>"; };
		3FF51DCD22BA84B40032FB46 /* ZombieMapAttack-Bridging-Header.h */ = {isa = PBXFileReference; lastKnownFileType = sourcecode.c.h; path = "ZombieMapAttack-Bridging-Header.h"; sourceTree = "<group>"; };
		3FF51DCE22BA84B50032FB46 /* LocationManager.h */ = {isa = PBXFileReference; lastKnownFileType = sourcecode.c.h; path = LocationManager.h; sourceTree = "<group>"; };
		3FF51DCF22BA84B50032FB46 /* LocationManager.m */ = {isa = PBXFileReference; lastKnownFileType = sourcecode.c.objc; path = LocationManager.m; sourceTree = "<group>"; };
		3FF51DD122BA8B3E0032FB46 /* LMDelegate.h */ = {isa = PBXFileReference; lastKnownFileType = sourcecode.c.h; path = LMDelegate.h; sourceTree = "<group>"; };
		3FF51DD422BA92550032FB46 /* CLLocation+Utility.swift */ = {isa = PBXFileReference; lastKnownFileType = sourcecode.swift; path = "CLLocation+Utility.swift"; sourceTree = "<group>"; };
		3FF51DD622BA97760032FB46 /* zombie.jpg */ = {isa = PBXFileReference; lastKnownFileType = image.jpeg; path = zombie.jpg; sourceTree = "<group>"; };
		3FF51DD822BA97F40032FB46 /* zombie.png */ = {isa = PBXFileReference; lastKnownFileType = image.png; path = zombie.png; sourceTree = "<group>"; };
/* End PBXFileReference section */

/* Begin PBXFrameworksBuildPhase section */
		3FF51DB322BA7B7C0032FB46 /* Frameworks */ = {
			isa = PBXFrameworksBuildPhase;
			buildActionMask = 2147483647;
			files = (
			);
			runOnlyForDeploymentPostprocessing = 0;
		};
/* End PBXFrameworksBuildPhase section */

/* Begin PBXGroup section */
		3FF51DAD22BA7B7C0032FB46 = {
			isa = PBXGroup;
			children = (
				3FF51DB822BA7B7C0032FB46 /* ZombieMapAttack */,
				3FF51DB722BA7B7C0032FB46 /* Products */,
			);
			sourceTree = "<group>";
		};
		3FF51DB722BA7B7C0032FB46 /* Products */ = {
			isa = PBXGroup;
			children = (
				3FF51DB622BA7B7C0032FB46 /* ZombieMapAttack.app */,
			);
			name = Products;
			sourceTree = "<group>";
		};
		3FF51DB822BA7B7C0032FB46 /* ZombieMapAttack */ = {
			isa = PBXGroup;
			children = (
				3FF51DD622BA97760032FB46 /* zombie.jpg */,
				3FF51DD822BA97F40032FB46 /* zombie.png */,
				3FF51DCB22BA80DA0032FB46 /* README.md */,
				3FF51DD222BA917D0032FB46 /* Service */,
				3FF51DD322BA91920032FB46 /* ViewControllers */,
				3FF51DD122BA8B3E0032FB46 /* LMDelegate.h */,
				3FF51DBD22BA7B7C0032FB46 /* Main.storyboard */,
				3FF51DB922BA7B7C0032FB46 /* AppDelegate.swift */,
				3FF51DC022BA7B7D0032FB46 /* Assets.xcassets */,
				3FF51DC222BA7B7D0032FB46 /* LaunchScreen.storyboard */,
				3FF51DC522BA7B7D0032FB46 /* Info.plist */,
				3FF51DCD22BA84B40032FB46 /* ZombieMapAttack-Bridging-Header.h */,
			);
			path = ZombieMapAttack;
			sourceTree = "<group>";
		};
		3FF51DD222BA917D0032FB46 /* Service */ = {
			isa = PBXGroup;
			children = (
				3FF51DCE22BA84B50032FB46 /* LocationManager.h */,
				3FF51DCF22BA84B50032FB46 /* LocationManager.m */,
				3FF51DD422BA92550032FB46 /* CLLocation+Utility.swift */,
			);
			path = Service;
			sourceTree = "<group>";
		};
		3FF51DD322BA91920032FB46 /* ViewControllers */ = {
			isa = PBXGroup;
			children = (
				3FF51DBB22BA7B7C0032FB46 /* ZombieMapViewController.swift */,
			);
			path = ViewControllers;
			sourceTree = "<group>";
		};
/* End PBXGroup section */

/* Begin PBXNativeTarget section */
		3FF51DB522BA7B7C0032FB46 /* ZombieMapAttack */ = {
			isa = PBXNativeTarget;
			buildConfigurationList = 3FF51DC822BA7B7D0032FB46 /* Build configuration list for PBXNativeTarget "ZombieMapAttack" */;
			buildPhases = (
				3FF51DB222BA7B7C0032FB46 /* Sources */,
				3FF51DB322BA7B7C0032FB46 /* Frameworks */,
				3FF51DB422BA7B7C0032FB46 /* Resources */,
			);
			buildRules = (
			);
			dependencies = (
			);
			name = ZombieMapAttack;
			productName = ZombieMapAttack;
			productReference = 3FF51DB622BA7B7C0032FB46 /* ZombieMapAttack.app */;
			productType = "com.apple.product-type.application";
		};
/* End PBXNativeTarget section */

/* Begin PBXProject section */
		3FF51DAE22BA7B7C0032FB46 /* Project object */ = {
			isa = PBXProject;
			attributes = {
				LastSwiftUpdateCheck = 1020;
				LastUpgradeCheck = 1020;
				ORGANIZATIONNAME = KY;
				TargetAttributes = {
					3FF51DB522BA7B7C0032FB46 = {
						CreatedOnToolsVersion = 10.2;
						LastSwiftMigration = 1020;
					};
				};
			};
			buildConfigurationList = 3FF51DB122BA7B7C0032FB46 /* Build configuration list for PBXProject "ZombieMapAttack" */;
			compatibilityVersion = "Xcode 9.3";
			developmentRegion = en;
			hasScannedForEncodings = 0;
			knownRegions = (
				en,
				Base,
			);
			mainGroup = 3FF51DAD22BA7B7C0032FB46;
			productRefGroup = 3FF51DB722BA7B7C0032FB46 /* Products */;
			projectDirPath = "";
			projectRoot = "";
			targets = (
				3FF51DB522BA7B7C0032FB46 /* ZombieMapAttack */,
			);
		};
/* End PBXProject section */

/* Begin PBXResourcesBuildPhase section */
		3FF51DB422BA7B7C0032FB46 /* Resources */ = {
			isa = PBXResourcesBuildPhase;
			buildActionMask = 2147483647;
			files = (
				3FF51DC422BA7B7D0032FB46 /* LaunchScreen.storyboard in Resources */,
				3FF51DC122BA7B7D0032FB46 /* Assets.xcassets in Resources */,
				3FF51DCC22BA80DA0032FB46 /* README.md in Resources */,
				3FF51DD922BA97F40032FB46 /* zombie.png in Resources */,
				3FF51DD722BA97760032FB46 /* zombie.jpg in Resources */,
				3FF51DBF22BA7B7C0032FB46 /* Main.storyboard in Resources */,
			);
			runOnlyForDeploymentPostprocessing = 0;
		};
/* End PBXResourcesBuildPhase section */

/* Begin PBXSourcesBuildPhase section */
		3FF51DB222BA7B7C0032FB46 /* Sources */ = {
			isa = PBXSourcesBuildPhase;
			buildActionMask = 2147483647;
			files = (
				3FF51DD022BA84B50032FB46 /* LocationManager.m in Sources */,
				3FF51DBC22BA7B7C0032FB46 /* ZombieMapViewController.swift in Sources */,
				3FF51DD522BA92550032FB46 /* CLLocation+Utility.swift in Sources */,
				3FF51DBA22BA7B7C0032FB46 /* AppDelegate.swift in Sources */,
			);
			runOnlyForDeploymentPostprocessing = 0;
		};
/* End PBXSourcesBuildPhase section */

/* Begin PBXVariantGroup section */
		3FF51DBD22BA7B7C0032FB46 /* Main.storyboard */ = {
			isa = PBXVariantGroup;
			children = (
				3FF51DBE22BA7B7C0032FB46 /* Base */,
			);
			name = Main.storyboard;
			sourceTree = "<group>";
		};
		3FF51DC222BA7B7D0032FB46 /* LaunchScreen.storyboard */ = {
			isa = PBXVariantGroup;
			children = (
				3FF51DC322BA7B7D0032FB46 /* Base */,
			);
			name = LaunchScreen.storyboard;
			sourceTree = "<group>";
		};
/* End PBXVariantGroup section */

/* Begin XCBuildConfiguration section */
		3FF51DC622BA7B7D0032FB46 /* Debug */ = {
			isa = XCBuildConfiguration;
			buildSettings = {
				ALWAYS_SEARCH_USER_PATHS = NO;
				CLANG_ANALYZER_NONNULL = YES;
				CLANG_ANALYZER_NUMBER_OBJECT_CONVERSION = YES_AGGRESSIVE;
				CLANG_CXX_LANGUAGE_STANDARD = "gnu++14";
				CLANG_CXX_LIBRARY = "libc++";
				CLANG_ENABLE_MODULES = YES;
				CLANG_ENABLE_OBJC_ARC = YES;
				CLANG_ENABLE_OBJC_WEAK = YES;
				CLANG_WARN_BLOCK_CAPTURE_AUTORELEASING = YES;
				CLANG_WARN_BOOL_CONVERSION = YES;
				CLANG_WARN_COMMA = YES;
				CLANG_WARN_CONSTANT_CONVERSION = YES;
				CLANG_WARN_DEPRECATED_OBJC_IMPLEMENTATIONS = YES;
				CLANG_WARN_DIRECT_OBJC_ISA_USAGE = YES_ERROR;
				CLANG_WARN_DOCUMENTATION_COMMENTS = YES;
				CLANG_WARN_EMPTY_BODY = YES;
				CLANG_WARN_ENUM_CONVERSION = YES;
				CLANG_WARN_INFINITE_RECURSION = YES;
				CLANG_WARN_INT_CONVERSION = YES;
				CLANG_WARN_NON_LITERAL_NULL_CONVERSION = YES;
				CLANG_WARN_OBJC_IMPLICIT_RETAIN_SELF = YES;
				CLANG_WARN_OBJC_LITERAL_CONVERSION = YES;
				CLANG_WARN_OBJC_ROOT_CLASS = YES_ERROR;
				CLANG_WARN_RANGE_LOOP_ANALYSIS = YES;
				CLANG_WARN_STRICT_PROTOTYPES = YES;
				CLANG_WARN_SUSPICIOUS_MOVE = YES;
				CLANG_WARN_UNGUARDED_AVAILABILITY = YES_AGGRESSIVE;
				CLANG_WARN_UNREACHABLE_CODE = YES;
				CLANG_WARN__DUPLICATE_METHOD_MATCH = YES;
				CODE_SIGN_IDENTITY = "iPhone Developer";
				COPY_PHASE_STRIP = NO;
				DEBUG_INFORMATION_FORMAT = dwarf;
				ENABLE_STRICT_OBJC_MSGSEND = YES;
				ENABLE_TESTABILITY = YES;
				GCC_C_LANGUAGE_STANDARD = gnu11;
				GCC_DYNAMIC_NO_PIC = NO;
				GCC_NO_COMMON_BLOCKS = YES;
				GCC_OPTIMIZATION_LEVEL = 0;
				GCC_PREPROCESSOR_DEFINITIONS = (
					"DEBUG=1",
					"$(inherited)",
				);
				GCC_WARN_64_TO_32_BIT_CONVERSION = YES;
				GCC_WARN_ABOUT_RETURN_TYPE = YES_ERROR;
				GCC_WARN_UNDECLARED_SELECTOR = YES;
				GCC_WARN_UNINITIALIZED_AUTOS = YES_AGGRESSIVE;
				GCC_WARN_UNUSED_FUNCTION = YES;
				GCC_WARN_UNUSED_VARIABLE = YES;
				IPHONEOS_DEPLOYMENT_TARGET = 12.2;
				MTL_ENABLE_DEBUG_INFO = INCLUDE_SOURCE;
				MTL_FAST_MATH = YES;
				ONLY_ACTIVE_ARCH = YES;
				SDKROOT = iphoneos;
				SWIFT_ACTIVE_COMPILATION_CONDITIONS = DEBUG;
				SWIFT_OPTIMIZATION_LEVEL = "-Onone";
			};
			name = Debug;
		};
		3FF51DC722BA7B7D0032FB46 /* Release */ = {
			isa = XCBuildConfiguration;
			buildSettings = {
				ALWAYS_SEARCH_USER_PATHS = NO;
				CLANG_ANALYZER_NONNULL = YES;
				CLANG_ANALYZER_NUMBER_OBJECT_CONVERSION = YES_AGGRESSIVE;
				CLANG_CXX_LANGUAGE_STANDARD = "gnu++14";
				CLANG_CXX_LIBRARY = "libc++";
				CLANG_ENABLE_MODULES = YES;
				CLANG_ENABLE_OBJC_ARC = YES;
				CLANG_ENABLE_OBJC_WEAK = YES;
				CLANG_WARN_BLOCK_CAPTURE_AUTORELEASING = YES;
				CLANG_WARN_BOOL_CONVERSION = YES;
				CLANG_WARN_COMMA = YES;
				CLANG_WARN_CONSTANT_CONVERSION = YES;
				CLANG_WARN_DEPRECATED_OBJC_IMPLEMENTATIONS = YES;
				CLANG_WARN_DIRECT_OBJC_ISA_USAGE = YES_ERROR;
				CLANG_WARN_DOCUMENTATION_COMMENTS = YES;
				CLANG_WARN_EMPTY_BODY = YES;
				CLANG_WARN_ENUM_CONVERSION = YES;
				CLANG_WARN_INFINITE_RECURSION = YES;
				CLANG_WARN_INT_CONVERSION = YES;
				CLANG_WARN_NON_LITERAL_NULL_CONVERSION = YES;
				CLANG_WARN_OBJC_IMPLICIT_RETAIN_SELF = YES;
				CLANG_WARN_OBJC_LITERAL_CONVERSION = YES;
				CLANG_WARN_OBJC_ROOT_CLASS = YES_ERROR;
				CLANG_WARN_RANGE_LOOP_ANALYSIS = YES;
				CLANG_WARN_STRICT_PROTOTYPES = YES;
				CLANG_WARN_SUSPICIOUS_MOVE = YES;
				CLANG_WARN_UNGUARDED_AVAILABILITY = YES_AGGRESSIVE;
				CLANG_WARN_UNREACHABLE_CODE = YES;
				CLANG_WARN__DUPLICATE_METHOD_MATCH = YES;
				CODE_SIGN_IDENTITY = "iPhone Developer";
				COPY_PHASE_STRIP = NO;
				DEBUG_INFORMATION_FORMAT = "dwarf-with-dsym";
				ENABLE_NS_ASSERTIONS = NO;
				ENABLE_STRICT_OBJC_MSGSEND = YES;
				GCC_C_LANGUAGE_STANDARD = gnu11;
				GCC_NO_COMMON_BLOCKS = YES;
				GCC_WARN_64_TO_32_BIT_CONVERSION = YES;
				GCC_WARN_ABOUT_RETURN_TYPE = YES_ERROR;
				GCC_WARN_UNDECLARED_SELECTOR = YES;
				GCC_WARN_UNINITIALIZED_AUTOS = YES_AGGRESSIVE;
				GCC_WARN_UNUSED_FUNCTION = YES;
				GCC_WARN_UNUSED_VARIABLE = YES;
				IPHONEOS_DEPLOYMENT_TARGET = 12.2;
				MTL_ENABLE_DEBUG_INFO = NO;
				MTL_FAST_MATH = YES;
				SDKROOT = iphoneos;
				SWIFT_COMPILATION_MODE = wholemodule;
				SWIFT_OPTIMIZATION_LEVEL = "-O";
				VALIDATE_PRODUCT = YES;
			};
			name = Release;
		};
		3FF51DC922BA7B7D0032FB46 /* Debug */ = {
			isa = XCBuildConfiguration;
			buildSettings = {
				ASSETCATALOG_COMPILER_APPICON_NAME = AppIcon;
				CLANG_ENABLE_MODULES = YES;
				CODE_SIGN_STYLE = Automatic;
				DEVELOPMENT_TEAM = SY7RWQB994;
				INFOPLIST_FILE = ZombieMapAttack/Info.plist;
				LD_RUNPATH_SEARCH_PATHS = (
					"$(inherited)",
					"@executable_path/Frameworks",
				);
				PRODUCT_BUNDLE_IDENTIFIER = KY.ZombieMapAttack;
				PRODUCT_NAME = "$(TARGET_NAME)";
				SWIFT_OBJC_BRIDGING_HEADER = "ZombieMapAttack/ZombieMapAttack-Bridging-Header.h";
				SWIFT_OPTIMIZATION_LEVEL = "-Onone";
				SWIFT_VERSION = 5.0;
				TARGETED_DEVICE_FAMILY = "1,2";
			};
			name = Debug;
		};
		3FF51DCA22BA7B7D0032FB46 /* Release */ = {
			isa = XCBuildConfiguration;
			buildSettings = {
				ASSETCATALOG_COMPILER_APPICON_NAME = AppIcon;
				CLANG_ENABLE_MODULES = YES;
				CODE_SIGN_STYLE = Automatic;
				DEVELOPMENT_TEAM = SY7RWQB994;
				INFOPLIST_FILE = ZombieMapAttack/Info.plist;
				LD_RUNPATH_SEARCH_PATHS = (
					"$(inherited)",
					"@executable_path/Frameworks",
				);
				PRODUCT_BUNDLE_IDENTIFIER = KY.ZombieMapAttack;
				PRODUCT_NAME = "$(TARGET_NAME)";
				SWIFT_OBJC_BRIDGING_HEADER = "ZombieMapAttack/ZombieMapAttack-Bridging-Header.h";
				SWIFT_VERSION = 5.0;
				TARGETED_DEVICE_FAMILY = "1,2";
			};
			name = Release;
		};
/* End XCBuildConfiguration section */

/* Begin XCConfigurationList section */
		3FF51DB122BA7B7C0032FB46 /* Build configuration list for PBXProject "ZombieMapAttack" */ = {
			isa = XCConfigurationList;
			buildConfigurations = (
				3FF51DC622BA7B7D0032FB46 /* Debug */,
				3FF51DC722BA7B7D0032FB46 /* Release */,
			);
			defaultConfigurationIsVisible = 0;
			defaultConfigurationName = Release;
		};
		3FF51DC822BA7B7D0032FB46 /* Build configuration list for PBXNativeTarget "ZombieMapAttack" */ = {
			isa = XCConfigurationList;
			buildConfigurations = (
				3FF51DC922BA7B7D0032FB46 /* Debug */,
				3FF51DCA22BA7B7D0032FB46 /* Release */,
			);
			defaultConfigurationIsVisible = 0;
			defaultConfigurationName = Release;
		};
/* End XCConfigurationList section */
	};
	rootObject = 3FF51DAE22BA7B7C0032FB46 /* Project object */;
}
